# THIS IS AN AUTOGENERATED FILE. DO NOT EDIT THIS FILE DIRECTLY.
# yarn lockfile v1


angular-redux@^1.0.0-beta:
  version "1.0.0-beta"
  resolved "https://registry.yarnpkg.com/angular-redux/-/angular-redux-1.0.0-beta.tgz#571484905ac90910608a4a3782f843cb700db806"
  dependencies:
    angular2 "^2.0.0-beta.0"
    es6-promise "^3.0.2"
    es6-shim "^0.33.3"
    immutable "^3.7.6"
    invariant "^2.2.0"
    lodash "^3.10.1"
    redux "^3.0.5"
    redux-thunk "^1.0.2"
    reflect-metadata "0.1.2"
    rxjs "5.0.0-beta.0"
    zone.js "0.5.10"

angular2@^2.0.0-beta.0:
  version "2.0.0-beta.21"
  resolved "https://registry.yarnpkg.com/angular2/-/angular2-2.0.0-beta.21.tgz#78643e590641526a2596dcd1d5cca3a5509ed76d"

es6-promise@^3.0.2:
  version "3.3.1"
  resolved "https://registry.yarnpkg.com/es6-promise/-/es6-promise-3.3.1.tgz#a08cdde84ccdbf34d027a1451bc91d4bcd28a613"

es6-shim@^0.33.3:
  version "0.33.13"
  resolved "https://registry.yarnpkg.com/es6-shim/-/es6-shim-0.33.13.tgz#894fb83d2c2e9378c8ec23659f2b62b28f994225"

immutable@^3.7.6:
  version "3.8.1"
  resolved "https://registry.yarnpkg.com/immutable/-/immutable-3.8.1.tgz#200807f11ab0f72710ea485542de088075f68cd2"

invariant@^2.2.0:
  version "2.2.2"
  resolved "https://registry.yarnpkg.com/invariant/-/invariant-2.2.2.tgz#9e1f56ac0acdb6bf303306f338be3b204ae60360"
  dependencies:
    loose-envify "^1.0.0"

js-tokens@^3.0.0:
  version "3.0.1"
  resolved "https://registry.yarnpkg.com/js-tokens/-/js-tokens-3.0.1.tgz#08e9f132484a2c45a30907e9dc4d5567b7f114d7"

lodash-es@^4.2.1:
  version "4.17.4"
  resolved "https://registry.yarnpkg.com/lodash-es/-/lodash-es-4.17.4.tgz#dcc1d7552e150a0640073ba9cb31d70f032950e7"

lodash@^3.10.1:
  version "3.10.1"
  resolved "https://registry.yarnpkg.com/lodash/-/lodash-3.10.1.tgz#5bf45e8e49ba4189e17d482789dfd15bd140b7b6"

lodash@^4.2.1:
  version "4.17.4"
  resolved "https://registry.yarnpkg.com/lodash/-/lodash-4.17.4.tgz#78203a4d1c328ae1d86dca6460e369b57f4055ae"

loose-envify@^1.0.0, loose-envify@^1.1.0:
  version "1.3.1"
  resolved "https://registry.yarnpkg.com/loose-envify/-/loose-envify-1.3.1.tgz#d1a8ad33fa9ce0e713d65fdd0ac8b748d478c848"
  dependencies:
    js-tokens "^3.0.0"

redux-thunk@^1.0.2:
  version "1.0.3"
  resolved "https://registry.yarnpkg.com/redux-thunk/-/redux-thunk-1.0.3.tgz#778aa0099eea0595031ab6b39165f6670d8d26bd"

redux@^3.0.5:
  version "3.6.0"
  resolved "https://registry.yarnpkg.com/redux/-/redux-3.6.0.tgz#887c2b3d0b9bd86eca2be70571c27654c19e188d"
  dependencies:
    lodash "^4.2.1"
    lodash-es "^4.2.1"
    loose-envify "^1.1.0"
    symbol-observable "^1.0.2"

reflect-metadata@0.1.2:
  version "0.1.2"
  resolved "https://registry.yarnpkg.com/reflect-metadata/-/reflect-metadata-0.1.2.tgz#ea23e5823dc830f292822bd3da9b89fd57bffb03"

rxjs@5.0.0-beta.0:
  version "5.0.0-beta.0"
  resolved "https://registry.yarnpkg.com/rxjs/-/rxjs-5.0.0-beta.0.tgz#1945ac5aac66d338456c0c0a66a91d88ae81410f"

symbol-observable@^1.0.2:
  version "1.0.4"
  resolved "https://registry.yarnpkg.com/symbol-observable/-/symbol-observable-1.0.4.tgz#29bf615d4aa7121bdd898b22d4b3f9bc4e2aa03d"

zone.js@0.5.10:
  version "0.5.10"
  resolved "https://registry.yarnpkg.com/zone.js/-/zone.js-0.5.10.tgz#05bc9cf034f12278c7a223e021d10b34fdacfb81"
  dependencies:
    es6-promise "^3.0.2"
